{
  "markbot": "7f7728c896fe7686e79879be49d495aa304dc73c49351c68aaf8e451d7a30862",
  "markbotignore": "030a4e6e1b3b6b510514a7ae54576e2c2ef762d56236c6414ef634955d96a126",
  "index-320.png": "861a1c07c5e8e7a7283c62b85b809e3af5ead4eb97ff41cc7fe8c38f2c0397f8",
  "index-680.png": "6c15452bd3dd05338f2a5caa0959621245c7ed3f999ac8b21f0961db143da2ee",
  "index-1440.png": "0ff235701c877dddccdcfc58dfd3a7c4cc8fb36a71b80574f79b691356e0db97"
}