{
  "markbot": "6de31243356600dec034421823f3e961b869ae12293f721342773d0cc70af40b",
  "markbotignore": "030a4e6e1b3b6b510514a7ae54576e2c2ef762d56236c6414ef634955d96a126",
  "css/modules.css": "6823b706f688a7cab886e2c73d964cb8b0f2e0c245ccd78172b390bf7e2d489b",
  "css/grid.css": "4530d5fcb8c810ef5c58aaabc319d0562b1e192bc87d572a2397c6395dd65d1c",
  "css/type.css": "27fa12036c60f595907a588d0adec045b6d52d163dd9ced14fba623382a9766c",
  "index-hovered-1440.png": "8699fbc720edf0f44a81689e5b0c0a0b80416222c1e1762b598e85b0d46fd5f2",
  "index-320.png": "e7f394a2468d7d9e4b182b4c99b753739f47a27f86cd8559883910bb8a82f1c5",
  "index-400.png": "fb2910b839e34ae09f34a078a2ba52fdde9e34ba66c6c6db7f5540ff00155161",
  "index-608.png": "756bf7c9b10edccfaab151c563715987061edf5629f947225957f34593cb91ab",
  "index-960.png": "7e2733047a85d362288a672f2a1b572b4ff1041fa0cce73cd67ac2ad3f98719f",
  "index-1440.png": "04be25120d9d5e5dd443393f55d726e536879c0c3904cc994a0405384a17fc78"
}